PODS:
  - Crashlytics (3.7.0):
    - Fabric (~> 1.6.3)
  - Fabric (1.6.7)
  - Optimizely-iOS-SDK (1.4.2)

DEPENDENCIES:
  - Crashlytics
  - Fabric
  - Optimizely-iOS-SDK

SPEC CHECKSUMS:
  Crashlytics: c3a2333dea9e2733d2777f730910321fc9e25c0d
  Fabric: caf7580c725e64db144f610ac65cd60956911dc7
  Optimizely-iOS-SDK: 6d23c5cde187f894430d134caa15f56874754cca

COCOAPODS: 0.39.0
